PODS:
  - Amplify (0.10.0)
  - AmplifyPlugins/AWSS3StoragePlugin (0.10.0):
    - AWSPluginsCore (= 0.10.0)
    - AWSS3 (~> 2.12.2)
  - AWSAuthCore (2.12.7):
    - AWSCore (= 2.12.7)
  - AWSAuthUI (2.12.7):
    - AWSAuthCore (= 2.12.7)
    - AWSCore (= 2.12.7)
  - AWSCognitoIdentityProvider (2.12.7):
    - AWSCognitoIdentityProviderASF (= 1.0.1)
    - AWSCore (= 2.12.7)
  - AWSCognitoIdentityProviderASF (1.0.1)
  - AWSCore (2.12.7)
  - AWSMobileClient (2.12.7):
    - AWSAuthCore (= 2.12.7)
    - AWSCognitoIdentityProvider (= 2.12.7)
  - AWSPluginsCore (0.10.0):
    - Amplify (= 0.10.0)
    - AWSMobileClient (~> 2.12.2)
  - AWSS3 (2.12.7):
    - AWSCore (= 2.12.7)
  - AWSUserPoolsSignIn (2.12.7):
    - AWSAuthCore (= 2.12.7)
    - AWSCognitoIdentityProvider (= 2.12.7)
  - DLRadioButton (1.4.12)
  - Firebase/Analytics (6.24.0):
    - Firebase/Core
  - Firebase/Core (6.24.0):
    - Firebase/CoreOnly
    - FirebaseAnalytics (= 6.5.0)
  - Firebase/CoreOnly (6.24.0):
    - FirebaseCore (= 6.7.0)
  - Firebase/Messaging (6.24.0):
    - Firebase/CoreOnly
    - FirebaseMessaging (~> 4.4.0)
  - FirebaseAnalytics (6.5.0):
    - FirebaseCore (~> 6.7)
    - FirebaseInstallations (~> 1.2)
    - GoogleAppMeasurement (= 6.5.0)
    - GoogleUtilities/AppDelegateSwizzler (~> 6.0)
    - GoogleUtilities/MethodSwizzler (~> 6.0)
    - GoogleUtilities/Network (~> 6.0)
    - "GoogleUtilities/NSData+zlib (~> 6.0)"
    - nanopb (~> 1.30905.0)
  - FirebaseAnalyticsInterop (1.5.0)
  - FirebaseCore (6.7.0):
    - FirebaseCoreDiagnostics (~> 1.3)
    - FirebaseCoreDiagnosticsInterop (~> 1.2)
    - GoogleUtilities/Environment (~> 6.5)
    - GoogleUtilities/Logger (~> 6.5)
  - FirebaseCoreDiagnostics (1.3.0):
    - FirebaseCoreDiagnosticsInterop (~> 1.2)
    - GoogleDataTransportCCTSupport (~> 3.1)
    - GoogleUtilities/Environment (~> 6.5)
    - GoogleUtilities/Logger (~> 6.5)
    - nanopb (~> 1.30905.0)
  - FirebaseCoreDiagnosticsInterop (1.2.0)
  - FirebaseInstallations (1.2.0):
    - FirebaseCore (~> 6.6)
    - GoogleUtilities/Environment (~> 6.6)
    - GoogleUtilities/UserDefaults (~> 6.6)
    - PromisesObjC (~> 1.2)
  - FirebaseInstanceID (4.3.4):
    - FirebaseCore (~> 6.6)
    - FirebaseInstallations (~> 1.0)
    - GoogleUtilities/Environment (~> 6.5)
    - GoogleUtilities/UserDefaults (~> 6.5)
  - FirebaseMessaging (4.4.0):
    - FirebaseAnalyticsInterop (~> 1.5)
    - FirebaseCore (~> 6.6)
    - FirebaseInstanceID (~> 4.3)
    - GoogleUtilities/AppDelegateSwizzler (~> 6.5)
    - GoogleUtilities/Environment (~> 6.5)
    - GoogleUtilities/Reachability (~> 6.5)
    - GoogleUtilities/UserDefaults (~> 6.5)
    - Protobuf (>= 3.9.2, ~> 3.9)
  - FloatingPanel (1.7.4)
  - GoogleAppMeasurement (6.5.0):
    - GoogleUtilities/AppDelegateSwizzler (~> 6.0)
    - GoogleUtilities/MethodSwizzler (~> 6.0)
    - GoogleUtilities/Network (~> 6.0)
    - "GoogleUtilities/NSData+zlib (~> 6.0)"
    - nanopb (~> 1.30905.0)
  - GoogleDataTransport (6.1.0)
  - GoogleDataTransportCCTSupport (3.1.0):
    - GoogleDataTransport (~> 6.1)
    - nanopb (~> 1.30905.0)
  - GoogleMaps (3.8.0):
    - GoogleMaps/Maps (= 3.8.0)
  - GoogleMaps/Base (3.8.0)
  - GoogleMaps/Maps (3.8.0):
    - GoogleMaps/Base
  - GooglePlaces (3.8.0):
    - GoogleMaps/Base (= 3.8.0)
  - GoogleUtilities/AppDelegateSwizzler (6.6.0):
    - GoogleUtilities/Environment
    - GoogleUtilities/Logger
    - GoogleUtilities/Network
  - GoogleUtilities/Environment (6.6.0):
    - PromisesObjC (~> 1.2)
  - GoogleUtilities/Logger (6.6.0):
    - GoogleUtilities/Environment
  - GoogleUtilities/MethodSwizzler (6.6.0):
    - GoogleUtilities/Logger
  - GoogleUtilities/Network (6.6.0):
    - GoogleUtilities/Logger
    - "GoogleUtilities/NSData+zlib"
    - GoogleUtilities/Reachability
  - "GoogleUtilities/NSData+zlib (6.6.0)"
  - GoogleUtilities/Reachability (6.6.0):
    - GoogleUtilities/Logger
  - GoogleUtilities/UserDefaults (6.6.0):
    - GoogleUtilities/Logger
  - ImageSlideshow (1.8.3):
    - ImageSlideshow/Core (= 1.8.3)
  - ImageSlideshow/Core (1.8.3)
  - ImageSlideshow/SDWebImage (1.8.3):
    - ImageSlideshow/Core
    - SDWebImage (>= 3.7)
  - maskedTextField (0.1.2)
  - nanopb (1.30905.0):
    - nanopb/decode (= 1.30905.0)
    - nanopb/encode (= 1.30905.0)
  - nanopb/decode (1.30905.0)
  - nanopb/encode (1.30905.0)
  - OverlayContainer (3.3.0)
  - PromisesObjC (1.2.8)
  - Protobuf (3.11.4)
  - SDWebImage (5.5.2):
    - SDWebImage/Core (= 5.5.2)
  - SDWebImage/Core (5.5.2)
  - SkyFloatingLabelTextField (3.8.0)
  - StepIndicator (1.0.8)

DEPENDENCIES:
  - AmplifyPlugins/AWSS3StoragePlugin
  - AWSAuthUI (~> 2.12.0)
  - AWSMobileClient (~> 2.12.0)
  - AWSUserPoolsSignIn (~> 2.12.0)
  - DLRadioButton (~> 1.4)
  - Firebase/Analytics
  - Firebase/Messaging
  - FloatingPanel
  - GoogleMaps
  - GooglePlaces
  - ImageSlideshow (~> 1.8.3)
  - ImageSlideshow/SDWebImage
  - maskedTextField
  - OverlayContainer
  - SDWebImage (~> 5.0)
  - SkyFloatingLabelTextField (~> 3.0)
  - StepIndicator (~> 1.0.8)

SPEC REPOS:
  trunk:
    - Amplify
    - AmplifyPlugins
    - AWSAuthCore
    - AWSAuthUI
    - AWSCognitoIdentityProvider
    - AWSCognitoIdentityProviderASF
    - AWSCore
    - AWSMobileClient
    - AWSPluginsCore
    - AWSS3
    - AWSUserPoolsSignIn
    - DLRadioButton
    - Firebase
    - FirebaseAnalytics
    - FirebaseAnalyticsInterop
    - FirebaseCore
    - FirebaseCoreDiagnostics
    - FirebaseCoreDiagnosticsInterop
    - FirebaseInstallations
    - FirebaseInstanceID
    - FirebaseMessaging
    - FloatingPanel
    - GoogleAppMeasurement
    - GoogleDataTransport
    - GoogleDataTransportCCTSupport
    - GoogleMaps
    - GooglePlaces
    - GoogleUtilities
    - ImageSlideshow
    - maskedTextField
    - nanopb
    - OverlayContainer
    - PromisesObjC
    - Protobuf
    - SDWebImage
    - SkyFloatingLabelTextField
    - StepIndicator

SPEC CHECKSUMS:
  Amplify: 786ae0a91656086c74de41c8821a869095fa6a6d
  AmplifyPlugins: 5531c6c13242f40a8c057aad64cb3b915559b65e
  AWSAuthCore: 288cb737a35ff031fbf42edaa8d0062328791d4e
  AWSAuthUI: 464fbab1841f8878e6370ec76581f9bea67e6252
  AWSCognitoIdentityProvider: 4998bdbfbafe5038dae0237a598580e102e7b6b5
  AWSCognitoIdentityProviderASF: f94f1a502e72ef3d0a1de93e10bf7a79c8698118
  AWSCore: 2f0f88ae94a63a198274d683c7d0e18709d7090b
  AWSMobileClient: bf1fb0868f9187141ca7b69220383c14878c0a29
  AWSPluginsCore: 7d7f8cd3fc5664b1eeb67b1a9aa312f78cf09cb9
  AWSS3: 40d2f99d91e34999789a534d95c80cc7c1135c6d
  AWSUserPoolsSignIn: fffc46e512e326783585e53639e58c355aae320f
  DLRadioButton: d7c4e225ed0e8013cef7be61455230c7557ad7c1
  Firebase: b28e55c60efd98963cd9011fe2fac5a10c2ba124
  FirebaseAnalytics: 7386fc2176e3f93ad8ef34b5b1f2b33a891e4962
  FirebaseAnalyticsInterop: 3f86269c38ae41f47afeb43ebf32a001f58fcdae
  FirebaseCore: e610482f64097b0e9f056cd97bc6b33dfabcbb6a
  FirebaseCoreDiagnostics: 4a773a47bd83bbd5a9b1ccf1ce7caa8b2d535e67
  FirebaseCoreDiagnosticsInterop: 296e2c5f5314500a850ad0b83e9e7c10b011a850
  FirebaseInstallations: 2119fb3e46b0a88bfdbf12562f855ee3252462fa
  FirebaseInstanceID: cef67c4967c7cecb56ea65d8acbb4834825c587b
  FirebaseMessaging: 58cb17277641a0084d98d4951ba1f1fb0588c8c6
  FloatingPanel: 3c9d0e30fe350e1613157557769d2ec97f76b96b
  GoogleAppMeasurement: 4c644d86835d827bab30ab6aabb9ecaf1f500735
  GoogleDataTransport: f6f8eba931df03ebd2232ff4645aa85f8f47b5ab
  GoogleDataTransportCCTSupport: d70a561f7d236af529fee598835caad5e25f6d3d
  GoogleMaps: 7c8d66d70e4e8c300f43a7219d8fdaad7b325a9a
  GooglePlaces: d5f70c3e9e427964fdeca1301a665d276ccd8754
  GoogleUtilities: 39530bc0ad980530298e9c4af8549e991fd033b1
  ImageSlideshow: 4694d7d699a1549582e7cc631fb392d8f91630f3
  maskedTextField: bb19d4693b5156ca4e6776acb61aa21c1a7f01a7
  nanopb: c43f40fadfe79e8b8db116583945847910cbabc9
  OverlayContainer: d48ca33fbefe91dc2943622c4a5a8ea2b8d16ead
  PromisesObjC: c119f3cd559f50b7ae681fa59dc1acd19173b7e6
  Protobuf: 176220c526ad8bd09ab1fb40a978eac3fef665f7
  SDWebImage: 4d5c027c935438f341ed33dbac53ff9f479922ca
  SkyFloatingLabelTextField: 5a338412114808e961fe2d14ea2c5452c8b6e4aa
  StepIndicator: 748b293f671355b021253f82031ac002f153dc81

PODFILE CHECKSUM: 17526b44226d7b84d6babf59be808306f60352fc

COCOAPODS: 1.9.1
